// !$*UTF8*$!
{
	archiveVersion = 1;
	classes = {
	};
	objectVersion = 50;
	objects = {

/* Begin PBXBuildFile section */
		16E5323422A4798C00E8B484 /* AppDelegate.swift in Sources */ = {isa = PBXBuildFile; fileRef = 16E5323322A4798C00E8B484 /* AppDelegate.swift */; };
		16E5323622A4798C00E8B484 /* ViewController.swift in Sources */ = {isa = PBXBuildFile; fileRef = 16E5323522A4798C00E8B484 /* ViewController.swift */; };
		16E5323922A4798C00E8B484 /* Main.storyboard in Resources */ = {isa = PBXBuildFile; fileRef = 16E5323722A4798C00E8B484 /* Main.storyboard */; };
		16E5323B22A4798D00E8B484 /* Assets.xcassets in Resources */ = {isa = PBXBuildFile; fileRef = 16E5323A22A4798D00E8B484 /* Assets.xcassets */; };
		16E5323E22A4798D00E8B484 /* LaunchScreen.storyboard in Resources */ = {isa = PBXBuildFile; fileRef = 16E5323C22A4798D00E8B484 /* LaunchScreen.storyboard */; };
		605DD0CCC4782A59168511CC /* libPods-PopupOverlayExample.a in Frameworks */ = {isa = PBXBuildFile; fileRef = 62C55008B5792F08984F7E8C /* libPods-PopupOverlayExample.a */; };
/* End PBXBuildFile section */

/* Begin PBXFileReference section */
		0325F0D4420AF0A5FC93EBA1 /* Pods-PopupOverlayExample.release.xcconfig */ = {isa = PBXFileReference; includeInIndex = 1; lastKnownFileType = text.xcconfig; name = "Pods-PopupOverlayExample.release.xcconfig"; path = "Target Support Files/Pods-PopupOverlayExample/Pods-PopupOverlayExample.release.xcconfig"; sourceTree = "<group>"; };
		16E5323022A4798C00E8B484 /* PopupOverlayExample.app */ = {isa = PBXFileReference; explicitFileType = wrapper.application; includeInIndex = 0; path = PopupOverlayExample.app; sourceTree = BUILT_PRODUCTS_DIR; };
		16E5323322A4798C00E8B484 /* AppDelegate.swift */ = {isa = PBXFileReference; lastKnownFileType = sourcecode.swift; path = AppDelegate.swift; sourceTree = "<group>"; };
		16E5323522A4798C00E8B484 /* ViewController.swift */ = {isa = PBXFileReference; lastKnownFileType = sourcecode.swift; path = ViewController.swift; sourceTree = "<group>"; };
		16E5323822A4798C00E8B484 /* Base */ = {isa = PBXFileReference; lastKnownFileType = file.storyboard; name = Base; path = Base.lproj/Main.storyboard; sourceTree = "<group>"; };
		16E5323A22A4798D00E8B484 /* Assets.xcassets */ = {isa = PBXFileReference; lastKnownFileType = folder.assetcatalog; path = Assets.xcassets; sourceTree = "<group>"; };
		16E5323D22A4798D00E8B484 /* Base */ = {isa = PBXFileReference; lastKnownFileType = file.storyboard; name = Base; path = Base.lproj/LaunchScreen.storyboard; sourceTree = "<group>"; };
		16E5323F22A4798D00E8B484 /* Info.plist */ = {isa = PBXFileReference; lastKnownFileType = text.plist.xml; path = Info.plist; sourceTree = "<group>"; };
		62C55008B5792F08984F7E8C /* libPods-PopupOverlayExample.a */ = {isa = PBXFileReference; explicitFileType = archive.ar; includeInIndex = 0; path = "libPods-PopupOverlayExample.a"; sourceTree = BUILT_PRODUCTS_DIR; };
		AA418B74E4B4A59B4A98E9BB /* Pods-PopupOverlayExample.debug.xcconfig */ = {isa = PBXFileReference; includeInIndex = 1; lastKnownFileType = text.xcconfig; name = "Pods-PopupOverlayExample.debug.xcconfig"; path = "Target Support Files/Pods-PopupOverlayExample/Pods-PopupOverlayExample.debug.xcconfig"; sourceTree = "<group>"; };
/* End PBXFileReference section */

/* Begin PBXFrameworksBuildPhase section */
		16E5322D22A4798C00E8B484 /* Frameworks */ = {
			isa = PBXFrameworksBuildPhase;
			buildActionMask = 2147483647;
			files = (
				605DD0CCC4782A59168511CC /* libPods-PopupOverlayExample.a in Frameworks */,
			);
			runOnlyForDeploymentPostprocessing = 0;
		};
/* End PBXFrameworksBuildPhase section */

/* Begin PBXGroup section */
		16E5322722A4798C00E8B484 = {
			isa = PBXGroup;
			children = (
				16E5323222A4798C00E8B484 /* PopupOverlayExample */,
				16E5323122A4798C00E8B484 /* Products */,
				95FC08A44242343ED822EC4B /* Pods */,
				5666C4DEA5F09554B692BBB8 /* Frameworks */,
			);
			sourceTree = "<group>";
		};
		16E5323122A4798C00E8B484 /* Products */ = {
			isa = PBXGroup;
			children = (
				16E5323022A4798C00E8B484 /* PopupOverlayExample.app */,
			);
			name = Products;
			sourceTree = "<group>";
		};
		16E5323222A4798C00E8B484 /* PopupOverlayExample */ = {
			isa = PBXGroup;
			children = (
				16E5323322A4798C00E8B484 /* AppDelegate.swift */,
				16E5323522A4798C00E8B484 /* ViewController.swift */,
				16E5323722A4798C00E8B484 /* Main.storyboard */,
				16E5323A22A4798D00E8B484 /* Assets.xcassets */,
				16E5323C22A4798D00E8B484 /* LaunchScreen.storyboard */,
				16E5323F22A4798D00E8B484 /* Info.plist */,
			);
			path = PopupOverlayExample;
			sourceTree = "<group>";
		};
		5666C4DEA5F09554B692BBB8 /* Frameworks */ = {
			isa = PBXGroup;
			children = (
				62C55008B5792F08984F7E8C /* libPods-PopupOverlayExample.a */,
			);
			name = Frameworks;
			sourceTree = "<group>";
		};
		95FC08A44242343ED822EC4B /* Pods */ = {
			isa = PBXGroup;
			children = (
				AA418B74E4B4A59B4A98E9BB /* Pods-PopupOverlayExample.debug.xcconfig */,
				0325F0D4420AF0A5FC93EBA1 /* Pods-PopupOverlayExample.release.xcconfig */,
			);
			name = Pods;
			path = Pods;
			sourceTree = "<group>";
		};
/* End PBXGroup section */

/* Begin PBXNativeTarget section */
		16E5322F22A4798C00E8B484 /* PopupOverlayExample */ = {
			isa = PBXNativeTarget;
			buildConfigurationList = 16E5324222A4798D00E8B484 /* Build configuration list for PBXNativeTarget "PopupOverlayExample" */;
			buildPhases = (
				A4DAC091AE2B82172BAAB63E /* [CP] Check Pods Manifest.lock */,
				16E5322C22A4798C00E8B484 /* Sources */,
				16E5322D22A4798C00E8B484 /* Frameworks */,
				16E5322E22A4798C00E8B484 /* Resources */,
			);
			buildRules = (
			);
			dependencies = (
			);
			name = PopupOverlayExample;
			productName = PopupOverlayExample;
			productReference = 16E5323022A4798C00E8B484 /* PopupOverlayExample.app */;
			productType = "com.apple.product-type.application";
		};
/* End PBXNativeTarget section */

/* Begin PBXProject section */
		16E5322822A4798C00E8B484 /* Project object */ = {
			isa = PBXProject;
			attributes = {
				LastSwiftUpdateCheck = 1020;
				LastUpgradeCheck = 1020;
				ORGANIZATIONNAME = MellonTec;
				TargetAttributes = {
					16E5322F22A4798C00E8B484 = {
						CreatedOnToolsVersion = 10.2.1;
					};
				};
			};
			buildConfigurationList = 16E5322B22A4798C00E8B484 /* Build configuration list for PBXProject "PopupOverlayExample" */;
			compatibilityVersion = "Xcode 9.3";
			developmentRegion = en;
			hasScannedForEncodings = 0;
			knownRegions = (
				en,
				Base,
			);
			mainGroup = 16E5322722A4798C00E8B484;
			productRefGroup = 16E5323122A4798C00E8B484 /* Products */;
			projectDirPath = "";
			projectRoot = "";
			targets = (
				16E5322F22A4798C00E8B484 /* PopupOverlayExample */,
			);
		};
/* End PBXProject section */

/* Begin PBXResourcesBuildPhase section */
		16E5322E22A4798C00E8B484 /* Resources */ = {
			isa = PBXResourcesBuildPhase;
			buildActionMask = 2147483647;
			files = (
				16E5323E22A4798D00E8B484 /* LaunchScreen.storyboard in Resources */,
				16E5323B22A4798D00E8B484 /* Assets.xcassets in Resources */,
				16E5323922A4798C00E8B484 /* Main.storyboard in Resources */,
			);
			runOnlyForDeploymentPostprocessing = 0;
		};
/* End PBXResourcesBuildPhase section */

/* Begin PBXShellScriptBuildPhase section */
		A4DAC091AE2B82172BAAB63E /* [CP] Check Pods Manifest.lock */ = {
			isa = PBXShellScriptBuildPhase;
			buildActionMask = 2147483647;
			files = (
			);
			inputFileListPaths = (
			);
			inputPaths = (
				"${PODS_PODFILE_DIR_PATH}/Podfile.lock",
				"${PODS_ROOT}/Manifest.lock",
			);
			name = "[CP] Check Pods Manifest.lock";
			outputFileListPaths = (
			);
			outputPaths = (
				"$(DERIVED_FILE_DIR)/Pods-PopupOverlayExample-checkManifestLockResult.txt",
			);
			runOnlyForDeploymentPostprocessing = 0;
			shellPath = /bin/sh;
			shellScript = "diff \"${PODS_PODFILE_DIR_PATH}/Podfile.lock\" \"${PODS_ROOT}/Manifest.lock\" > /dev/null\nif [ $? != 0 ] ; then\n    # print error to STDERR\n    echo \"error: The sandbox is not in sync with the Podfile.lock. Run 'pod install' or update your CocoaPods installation.\" >&2\n    exit 1\nfi\n# This output is used by Xcode 'outputs' to avoid re-running this script phase.\necho \"SUCCESS\" > \"${SCRIPT_OUTPUT_FILE_0}\"\n";
			showEnvVarsInLog = 0;
		};
/* End PBXShellScriptBuildPhase section */

/* Begin PBXSourcesBuildPhase section */
		16E5322C22A4798C00E8B484 /* Sources */ = {
			isa = PBXSourcesBuildPhase;
			buildActionMask = 2147483647;
			files = (
				16E5323622A4798C00E8B484 /* ViewController.swift in Sources */,
				16E5323422A4798C00E8B484 /* AppDelegate.swift in Sources */,
			);
			runOnlyForDeploymentPostprocessing = 0;
		};
/* End PBXSourcesBuildPhase section */

/* Begin PBXVariantGroup section */
		16E5323722A4798C00E8B484 /* Main.storyboard */ = {
			isa = PBXVariantGroup;
			children = (
				16E5323822A4798C00E8B484 /* Base */,
			);
			name = Main.storyboard;
			sourceTree = "<group>";
		};
		16E5323C22A4798D00E8B484 /* LaunchScreen.storyboard */ = {
			isa = PBXVariantGroup;
			children = (
				16E5323D22A4798D00E8B484 /* Base */,
			);
			name = LaunchScreen.storyboard;
			sourceTree = "<group>";
		};
/* End PBXVariantGroup section */

/* Begin XCBuildConfiguration section */
		16E5324022A4798D00E8B484 /* Debug */ = {
			isa = XCBuildConfiguration;
			buildSettings = {
				ALWAYS_SEARCH_USER_PATHS = NO;
				CLANG_ANALYZER_NONNULL = YES;
				CLANG_ANALYZER_NUMBER_OBJECT_CONVERSION = YES_AGGRESSIVE;
				CLANG_CXX_LANGUAGE_STANDARD = "gnu++14";
				CLANG_CXX_LIBRARY = "libc++";
				CLANG_ENABLE_MODULES = YES;
				CLANG_ENABLE_OBJC_ARC = YES;
				CLANG_ENABLE_OBJC_WEAK = YES;
				CLANG_WARN_BLOCK_CAPTURE_AUTORELEASING = YES;
				CLANG_WARN_BOOL_CONVERSION = YES;
				CLANG_WARN_COMMA = YES;
				CLANG_WARN_CONSTANT_CONVERSION = YES;
				CLANG_WARN_DEPRECATED_OBJC_IMPLEMENTATIONS = YES;
				CLANG_WARN_DIRECT_OBJC_ISA_USAGE = YES_ERROR;
				CLANG_WARN_DOCUMENTATION_COMMENTS = YES;
				CLANG_WARN_EMPTY_BODY = YES;
				CLANG_WARN_ENUM_CONVERSION = YES;
				CLANG_WARN_INFINITE_RECURSION = YES;
				CLANG_WARN_INT_CONVERSION = YES;
				CLANG_WARN_NON_LITERAL_NULL_CONVERSION = YES;
				CLANG_WARN_OBJC_IMPLICIT_RETAIN_SELF = YES;
				CLANG_WARN_OBJC_LITERAL_CONVERSION = YES;
				CLANG_WARN_OBJC_ROOT_CLASS = YES_ERROR;
				CLANG_WARN_RANGE_LOOP_ANALYSIS = YES;
				CLANG_WARN_STRICT_PROTOTYPES = YES;
				CLANG_WARN_SUSPICIOUS_MOVE = YES;
				CLANG_WARN_UNGUARDED_AVAILABILITY = YES_AGGRESSIVE;
				CLANG_WARN_UNREACHABLE_CODE = YES;
				CLANG_WARN__DUPLICATE_METHOD_MATCH = YES;
				CODE_SIGN_IDENTITY = "iPhone Developer";
				COPY_PHASE_STRIP = NO;
				DEBUG_INFORMATION_FORMAT = dwarf;
				ENABLE_STRICT_OBJC_MSGSEND = YES;
				ENABLE_TESTABILITY = YES;
				GCC_C_LANGUAGE_STANDARD = gnu11;
				GCC_DYNAMIC_NO_PIC = NO;
				GCC_NO_COMMON_BLOCKS = YES;
				GCC_OPTIMIZATION_LEVEL = 0;
				GCC_PREPROCESSOR_DEFINITIONS = (
					"DEBUG=1",
					"$(inherited)",
				);
				GCC_WARN_64_TO_32_BIT_CONVERSION = YES;
				GCC_WARN_ABOUT_RETURN_TYPE = YES_ERROR;
				GCC_WARN_UNDECLARED_SELECTOR = YES;
				GCC_WARN_UNINITIALIZED_AUTOS = YES_AGGRESSIVE;
				GCC_WARN_UNUSED_FUNCTION = YES;
				GCC_WARN_UNUSED_VARIABLE = YES;
				IPHONEOS_DEPLOYMENT_TARGET = 10.0;
				MTL_ENABLE_DEBUG_INFO = INCLUDE_SOURCE;
				MTL_FAST_MATH = YES;
				ONLY_ACTIVE_ARCH = YES;
				SDKROOT = iphoneos;
				SWIFT_ACTIVE_COMPILATION_CONDITIONS = DEBUG;
				SWIFT_OPTIMIZATION_LEVEL = "-Onone";
			};
			name = Debug;
		};
		16E5324122A4798D00E8B484 /* Release */ = {
			isa = XCBuildConfiguration;
			buildSettings = {
				ALWAYS_SEARCH_USER_PATHS = NO;
				CLANG_ANALYZER_NONNULL = YES;
				CLANG_ANALYZER_NUMBER_OBJECT_CONVERSION = YES_AGGRESSIVE;
				CLANG_CXX_LANGUAGE_STANDARD = "gnu++14";
				CLANG_CXX_LIBRARY = "libc++";
				CLANG_ENABLE_MODULES = YES;
				CLANG_ENABLE_OBJC_ARC = YES;
				CLANG_ENABLE_OBJC_WEAK = YES;
				CLANG_WARN_BLOCK_CAPTURE_AUTORELEASING = YES;
				CLANG_WARN_BOOL_CONVERSION = YES;
				CLANG_WARN_COMMA = YES;
				CLANG_WARN_CONSTANT_CONVERSION = YES;
				CLANG_WARN_DEPRECATED_OBJC_IMPLEMENTATIONS = YES;
				CLANG_WARN_DIRECT_OBJC_ISA_USAGE = YES_ERROR;
				CLANG_WARN_DOCUMENTATION_COMMENTS = YES;
				CLANG_WARN_EMPTY_BODY = YES;
				CLANG_WARN_ENUM_CONVERSION = YES;
				CLANG_WARN_INFINITE_RECURSION = YES;
				CLANG_WARN_INT_CONVERSION = YES;
				CLANG_WARN_NON_LITERAL_NULL_CONVERSION = YES;
				CLANG_WARN_OBJC_IMPLICIT_RETAIN_SELF = YES;
				CLANG_WARN_OBJC_LITERAL_CONVERSION = YES;
				CLANG_WARN_OBJC_ROOT_CLASS = YES_ERROR;
				CLANG_WARN_RANGE_LOOP_ANALYSIS = YES;
				CLANG_WARN_STRICT_PROTOTYPES = YES;
				CLANG_WARN_SUSPICIOUS_MOVE = YES;
				CLANG_WARN_UNGUARDED_AVAILABILITY = YES_AGGRESSIVE;
				CLANG_WARN_UNREACHABLE_CODE = YES;
				CLANG_WARN__DUPLICATE_METHOD_MATCH = YES;
				CODE_SIGN_IDENTITY = "iPhone Developer";
				COPY_PHASE_STRIP = NO;
				DEBUG_INFORMATION_FORMAT = "dwarf-with-dsym";
				ENABLE_NS_ASSERTIONS = NO;
				ENABLE_STRICT_OBJC_MSGSEND = YES;
				GCC_C_LANGUAGE_STANDARD = gnu11;
				GCC_NO_COMMON_BLOCKS = YES;
				GCC_WARN_64_TO_32_BIT_CONVERSION = YES;
				GCC_WARN_ABOUT_RETURN_TYPE = YES_ERROR;
				GCC_WARN_UNDECLARED_SELECTOR = YES;
				GCC_WARN_UNINITIALIZED_AUTOS = YES_AGGRESSIVE;
				GCC_WARN_UNUSED_FUNCTION = YES;
				GCC_WARN_UNUSED_VARIABLE = YES;
				IPHONEOS_DEPLOYMENT_TARGET = 10.0;
				MTL_ENABLE_DEBUG_INFO = NO;
				MTL_FAST_MATH = YES;
				SDKROOT = iphoneos;
				SWIFT_COMPILATION_MODE = wholemodule;
				SWIFT_OPTIMIZATION_LEVEL = "-O";
				VALIDATE_PRODUCT = YES;
			};
			name = Release;
		};
		16E5324322A4798D00E8B484 /* Debug */ = {
			isa = XCBuildConfiguration;
			baseConfigurationReference = AA418B74E4B4A59B4A98E9BB /* Pods-PopupOverlayExample.debug.xcconfig */;
			buildSettings = {
				ASSETCATALOG_COMPILER_APPICON_NAME = AppIcon;
				CODE_SIGN_STYLE = Automatic;
				DEVELOPMENT_TEAM = LDVQUVL36B;
				INFOPLIST_FILE = PopupOverlayExample/Info.plist;
				LD_RUNPATH_SEARCH_PATHS = (
					"$(inherited)",
					"@executable_path/Frameworks",
				);
				PRODUCT_BUNDLE_IDENTIFIER = com.mellontec.PopupOverlayExample;
				PRODUCT_NAME = "$(TARGET_NAME)";
				SWIFT_VERSION = 5.0;
				TARGETED_DEVICE_FAMILY = "1,2";
			};
			name = Debug;
		};
		16E5324422A4798D00E8B484 /* Release */ = {
			isa = XCBuildConfiguration;
			baseConfigurationReference = 0325F0D4420AF0A5FC93EBA1 /* Pods-PopupOverlayExample.release.xcconfig */;
			buildSettings = {
				ASSETCATALOG_COMPILER_APPICON_NAME = AppIcon;
				CODE_SIGN_STYLE = Automatic;
				DEVELOPMENT_TEAM = LDVQUVL36B;
				INFOPLIST_FILE = PopupOverlayExample/Info.plist;
				LD_RUNPATH_SEARCH_PATHS = (
					"$(inherited)",
					"@executable_path/Frameworks",
				);
				PRODUCT_BUNDLE_IDENTIFIER = com.mellontec.PopupOverlayExample;
				PRODUCT_NAME = "$(TARGET_NAME)";
				SWIFT_VERSION = 5.0;
				TARGETED_DEVICE_FAMILY = "1,2";
			};
			name = Release;
		};
/* End XCBuildConfiguration section */

/* Begin XCConfigurationList section */
		16E5322B22A4798C00E8B484 /* Build configuration list for PBXProject "PopupOverlayExample" */ = {
			isa = XCConfigurationList;
			buildConfigurations = (
				16E5324022A4798D00E8B484 /* Debug */,
				16E5324122A4798D00E8B484 /* Release */,
			);
			defaultConfigurationIsVisible = 0;
			defaultConfigurationName = Release;
		};
		16E5324222A4798D00E8B484 /* Build configuration list for PBXNativeTarget "PopupOverlayExample" */ = {
			isa = XCConfigurationList;
			buildConfigurations = (
				16E5324322A4798D00E8B484 /* Debug */,
				16E5324422A4798D00E8B484 /* Release */,
			);
			defaultConfigurationIsVisible = 0;
			defaultConfigurationName = Release;
		};
/* End XCConfigurationList section */
	};
	rootObject = 16E5322822A4798C00E8B484 /* Project object */;
}
